
Microsoft Visual Studio Solution File, Format Version 12.00
# Visual Studio 15
VisualStudioVersion = 15.0.26228.28
MinimumVisualStudioVersion = 10.0.40219.1
Project("{FAE04EC0-301F-11D3-BF4B-00C04F79EFBC}") = "SpyGame", "SpyGame.csproj", "{F0EB45F5-3DEC-4B76-9884-26FACD5F0A22}"
EndProject
Project("{FAE04EC0-301F-11D3-BF4B-00C04F79EFBC}") = "SpyLib", "SpyLib\SpyLib.csproj", "{23EEB83A-E14D-4BED-9B48-8BDD3E7C4CC4}"
EndProject
Project("{FAE04EC0-301F-11D3-BF4B-00C04F79EFBC}") = "SpyLibTest", "SpyLibTest\SpyLibTest.csproj", "{48E7AF2D-1F11-4A36-9493-1B4C0A2234A2}"
EndProject
Project("{2150E333-8FDC-42A3-9474-1A3956D46DE8}") = "Solution Items", "Solution Items", "{9377CAE3-0AAD-4317-82DC-92DE01B050BD}"
	ProjectSection(SolutionItems) = preProject
		README.md = README.md
	EndProjectSection
EndProject
Project("{9A19103F-16F7-4668-BE54-9A1E7A4F7556}") = "SpyWebOld", "SpyWebOld\SpyWebOld.csproj", "{88AA9307-AD32-4C8F-82FA-61B690C7951C}"
	ProjectSection(ProjectDependencies) = postProject
		{23EEB83A-E14D-4BED-9B48-8BDD3E7C4CC4} = {23EEB83A-E14D-4BED-9B48-8BDD3E7C4CC4}
	EndProjectSection
EndProject
Project("{9A19103F-16F7-4668-BE54-9A1E7A4F7556}") = "SpyFunction", "SpyFunction\SpyFunction\SpyFunction.csproj", "{6EDCCDDD-1A27-4A47-9D6F-4D37BC734D7F}"
EndProject
Global
	GlobalSection(SolutionConfigurationPlatforms) = preSolution
		Debug|Any CPU = Debug|Any CPU
		Debug|x86 = Debug|x86
		Release|Any CPU = Release|Any CPU
		Release|x86 = Release|x86
	EndGlobalSection
	GlobalSection(ProjectConfigurationPlatforms) = postSolution
		{F0EB45F5-3DEC-4B76-9884-26FACD5F0A22}.Debug|Any CPU.ActiveCfg = Debug|x86
		{F0EB45F5-3DEC-4B76-9884-26FACD5F0A22}.Debug|x86.ActiveCfg = Debug|x86
		{F0EB45F5-3DEC-4B76-9884-26FACD5F0A22}.Debug|x86.Build.0 = Debug|x86
		{F0EB45F5-3DEC-4B76-9884-26FACD5F0A22}.Release|Any CPU.ActiveCfg = Release|x86
		{F0EB45F5-3DEC-4B76-9884-26FACD5F0A22}.Release|x86.ActiveCfg = Release|x86
		{F0EB45F5-3DEC-4B76-9884-26FACD5F0A22}.Release|x86.Build.0 = Release|x86
		{23EEB83A-E14D-4BED-9B48-8BDD3E7C4CC4}.Debug|Any CPU.ActiveCfg = Debug|Any CPU
		{23EEB83A-E14D-4BED-9B48-8BDD3E7C4CC4}.Debug|Any CPU.Build.0 = Debug|Any CPU
		{23EEB83A-E14D-4BED-9B48-8BDD3E7C4CC4}.Debug|x86.ActiveCfg = Debug|Any CPU
		{23EEB83A-E14D-4BED-9B48-8BDD3E7C4CC4}.Debug|x86.Build.0 = Debug|Any CPU
		{23EEB83A-E14D-4BED-9B48-8BDD3E7C4CC4}.Release|Any CPU.ActiveCfg = Release|Any CPU
		{23EEB83A-E14D-4BED-9B48-8BDD3E7C4CC4}.Release|Any CPU.Build.0 = Release|Any CPU
		{23EEB83A-E14D-4BED-9B48-8BDD3E7C4CC4}.Release|x86.ActiveCfg = Release|Any CPU
		{23EEB83A-E14D-4BED-9B48-8BDD3E7C4CC4}.Release|x86.Build.0 = Release|Any CPU
		{48E7AF2D-1F11-4A36-9493-1B4C0A2234A2}.Debug|Any CPU.ActiveCfg = Debug|Any CPU
		{48E7AF2D-1F11-4A36-9493-1B4C0A2234A2}.Debug|Any CPU.Build.0 = Debug|Any CPU
		{48E7AF2D-1F11-4A36-9493-1B4C0A2234A2}.Debug|x86.ActiveCfg = Debug|Any CPU
		{48E7AF2D-1F11-4A36-9493-1B4C0A2234A2}.Debug|x86.Build.0 = Debug|Any CPU
		{48E7AF2D-1F11-4A36-9493-1B4C0A2234A2}.Release|Any CPU.ActiveCfg = Release|Any CPU
		{48E7AF2D-1F11-4A36-9493-1B4C0A2234A2}.Release|Any CPU.Build.0 = Release|Any CPU
		{48E7AF2D-1F11-4A36-9493-1B4C0A2234A2}.Release|x86.ActiveCfg = Release|Any CPU
		{48E7AF2D-1F11-4A36-9493-1B4C0A2234A2}.Release|x86.Build.0 = Release|Any CPU
		{88AA9307-AD32-4C8F-82FA-61B690C7951C}.Debug|Any CPU.ActiveCfg = Debug|Any CPU
		{88AA9307-AD32-4C8F-82FA-61B690C7951C}.Debug|Any CPU.Build.0 = Debug|Any CPU
		{88AA9307-AD32-4C8F-82FA-61B690C7951C}.Debug|x86.ActiveCfg = Debug|Any CPU
		{88AA9307-AD32-4C8F-82FA-61B690C7951C}.Debug|x86.Build.0 = Debug|Any CPU
		{88AA9307-AD32-4C8F-82FA-61B690C7951C}.Release|Any CPU.ActiveCfg = Release|Any CPU
		{88AA9307-AD32-4C8F-82FA-61B690C7951C}.Release|Any CPU.Build.0 = Release|Any CPU
		{88AA9307-AD32-4C8F-82FA-61B690C7951C}.Release|x86.ActiveCfg = Release|Any CPU
		{88AA9307-AD32-4C8F-82FA-61B690C7951C}.Release|x86.Build.0 = Release|Any CPU
		{6EDCCDDD-1A27-4A47-9D6F-4D37BC734D7F}.Debug|Any CPU.ActiveCfg = Debug|Any CPU
		{6EDCCDDD-1A27-4A47-9D6F-4D37BC734D7F}.Debug|Any CPU.Build.0 = Debug|Any CPU
		{6EDCCDDD-1A27-4A47-9D6F-4D37BC734D7F}.Debug|x86.ActiveCfg = Debug|Any CPU
		{6EDCCDDD-1A27-4A47-9D6F-4D37BC734D7F}.Debug|x86.Build.0 = Debug|Any CPU
		{6EDCCDDD-1A27-4A47-9D6F-4D37BC734D7F}.Release|Any CPU.ActiveCfg = Release|Any CPU
		{6EDCCDDD-1A27-4A47-9D6F-4D37BC734D7F}.Release|Any CPU.Build.0 = Release|Any CPU
		{6EDCCDDD-1A27-4A47-9D6F-4D37BC734D7F}.Release|x86.ActiveCfg = Release|Any CPU
		{6EDCCDDD-1A27-4A47-9D6F-4D37BC734D7F}.Release|x86.Build.0 = Release|Any CPU
	EndGlobalSection
	GlobalSection(SolutionProperties) = preSolution
		HideSolutionNode = FALSE
	EndGlobalSection
	GlobalSection(ExtensibilityGlobals) = postSolution
		SolutionGuid = {7FFD249D-2612-4D51-894A-70EAC36BFB8C}
	EndGlobalSection
EndGlobal
